
Microsoft Visual Studio Solution File, Format Version 12.00
# Visual Studio Version 17
VisualStudioVersion = 17.14.36414.22 d17.14
MinimumVisualStudioVersion = 10.0.40219.1
Project("{FAE04EC0-301F-11D3-BF4B-00C04F79EFBC}") = "TF_HospitalDeApoyoDeCoraCora", "TF_HospitalDeApoyoDeCoraCora.csproj", "{BAB2C579-C66B-4B46-9A4F-029EE17CFD22}"
EndProject
Global
	GlobalSection(SolutionConfigurationPlatforms) = preSolution
		Debug|Any CPU = Debug|Any CPU
		Release|Any CPU = Release|Any CPU
	EndGlobalSection
	GlobalSection(ProjectConfigurationPlatforms) = postSolution
		{BAB2C579-C66B-4B46-9A4F-029EE17CFD22}.Debug|Any CPU.ActiveCfg = Debug|Any CPU
		{BAB2C579-C66B-4B46-9A4F-029EE17CFD22}.Debug|Any CPU.Build.0 = Debug|Any CPU
		{BAB2C579-C66B-4B46-9A4F-029EE17CFD22}.Release|Any CPU.ActiveCfg = Release|Any CPU
		{BAB2C579-C66B-4B46-9A4F-029EE17CFD22}.Release|Any CPU.Build.0 = Release|Any CPU
	EndGlobalSection
	GlobalSection(SolutionProperties) = preSolution
		HideSolutionNode = FALSE
	EndGlobalSection
	GlobalSection(ExtensibilityGlobals) = postSolution
		SolutionGuid = {5F67487E-D589-48CD-8C46-C314F93EC9B8}
	EndGlobalSection
EndGlobal
